
Microsoft Visual Studio Solution File, Format Version 12.00
# Visual Studio Version 17
VisualStudioVersion = 17.10.35122.118
MinimumVisualStudioVersion = 10.0.40219.1
Project("{9A19103F-16F7-4668-BE54-9A1E7A4F7556}") = "Gezenti.WebAPI", "Gezenti.WebAPI\Gezenti.WebAPI.csproj", "{23B47259-D947-4744-8F73-1E88E0598D61}"
EndProject
Project("{9A19103F-16F7-4668-BE54-9A1E7A4F7556}") = "Gezenti.Core", "Gezenti.Core\Gezenti.Core.csproj", "{ADCCC265-AA52-4909-9174-05B40806DEF6}"
EndProject
Project("{9A19103F-16F7-4668-BE54-9A1E7A4F7556}") = "Gezenti.Application", "Gezenti.Application\Gezenti.Application.csproj", "{33C8639A-F30B-4941-A50B-7000F17C8768}"
EndProject
Project("{9A19103F-16F7-4668-BE54-9A1E7A4F7556}") = "Gezenti.Persistence", "Gezenti.Persistence\Gezenti.Persistence.csproj", "{FBACAE48-B110-4AA2-97FA-472B2699C812}"
EndProject
Project("{9A19103F-16F7-4668-BE54-9A1E7A4F7556}") = "Gezenti.Domain", "Gezenti.Domain\Gezenti.Domain.csproj", "{295E57D9-2F23-4119-B44C-C31D06823F48}"
EndProject
Project("{FAE04EC0-301F-11D3-BF4B-00C04F79EFBC}") = "Infrastructure", "Infrastructure\Infrastructure.csproj", "{31669B40-6A29-4A84-BAD0-F539C7BA4013}"
EndProject
Global
	GlobalSection(SolutionConfigurationPlatforms) = preSolution
		Debug|Any CPU = Debug|Any CPU
		Release|Any CPU = Release|Any CPU
	EndGlobalSection
	GlobalSection(ProjectConfigurationPlatforms) = postSolution
		{23B47259-D947-4744-8F73-1E88E0598D61}.Debug|Any CPU.ActiveCfg = Debug|Any CPU
		{23B47259-D947-4744-8F73-1E88E0598D61}.Debug|Any CPU.Build.0 = Debug|Any CPU
		{23B47259-D947-4744-8F73-1E88E0598D61}.Release|Any CPU.ActiveCfg = Release|Any CPU
		{23B47259-D947-4744-8F73-1E88E0598D61}.Release|Any CPU.Build.0 = Release|Any CPU
		{ADCCC265-AA52-4909-9174-05B40806DEF6}.Debug|Any CPU.ActiveCfg = Debug|Any CPU
		{ADCCC265-AA52-4909-9174-05B40806DEF6}.Debug|Any CPU.Build.0 = Debug|Any CPU
		{ADCCC265-AA52-4909-9174-05B40806DEF6}.Release|Any CPU.ActiveCfg = Release|Any CPU
		{ADCCC265-AA52-4909-9174-05B40806DEF6}.Release|Any CPU.Build.0 = Release|Any CPU
		{33C8639A-F30B-4941-A50B-7000F17C8768}.Debug|Any CPU.ActiveCfg = Debug|Any CPU
		{33C8639A-F30B-4941-A50B-7000F17C8768}.Debug|Any CPU.Build.0 = Debug|Any CPU
		{33C8639A-F30B-4941-A50B-7000F17C8768}.Release|Any CPU.ActiveCfg = Release|Any CPU
		{33C8639A-F30B-4941-A50B-7000F17C8768}.Release|Any CPU.Build.0 = Release|Any CPU
		{FBACAE48-B110-4AA2-97FA-472B2699C812}.Debug|Any CPU.ActiveCfg = Debug|Any CPU
		{FBACAE48-B110-4AA2-97FA-472B2699C812}.Debug|Any CPU.Build.0 = Debug|Any CPU
		{FBACAE48-B110-4AA2-97FA-472B2699C812}.Release|Any CPU.ActiveCfg = Release|Any CPU
		{FBACAE48-B110-4AA2-97FA-472B2699C812}.Release|Any CPU.Build.0 = Release|Any CPU
		{295E57D9-2F23-4119-B44C-C31D06823F48}.Debug|Any CPU.ActiveCfg = Debug|Any CPU
		{295E57D9-2F23-4119-B44C-C31D06823F48}.Debug|Any CPU.Build.0 = Debug|Any CPU
		{295E57D9-2F23-4119-B44C-C31D06823F48}.Release|Any CPU.ActiveCfg = Release|Any CPU
		{295E57D9-2F23-4119-B44C-C31D06823F48}.Release|Any CPU.Build.0 = Release|Any CPU
		{31669B40-6A29-4A84-BAD0-F539C7BA4013}.Debug|Any CPU.ActiveCfg = Debug|Any CPU
		{31669B40-6A29-4A84-BAD0-F539C7BA4013}.Debug|Any CPU.Build.0 = Debug|Any CPU
		{31669B40-6A29-4A84-BAD0-F539C7BA4013}.Release|Any CPU.ActiveCfg = Release|Any CPU
		{31669B40-6A29-4A84-BAD0-F539C7BA4013}.Release|Any CPU.Build.0 = Release|Any CPU
	EndGlobalSection
	GlobalSection(SolutionProperties) = preSolution
		HideSolutionNode = FALSE
	EndGlobalSection
	GlobalSection(ExtensibilityGlobals) = postSolution
		SolutionGuid = {5B83545B-1D3F-431A-8C5D-345F0C9F18D4}
	EndGlobalSection
EndGlobal
